github.com/davecgh/go-spew v1.1.1 h1:vj9j/u1bqnvCEfJOwUhtlOARqs3+rkHYY13jYWTU97c=
github.com/davecgh/go-spew v1.1.1/go.mod h1:J7Y8YcW2NihsgmVo/mv3lAwl/skON4iLHjSsI+c5H38=
github.com/toolkits/concurrent v0.0.0-20150624120057-a4371d70e3e3 h1:kF/7m/ZU+0D4Jj5eZ41Zm3IH/J8OElK1Qtd7tVKAwLk=
github.com/toolkits/concurrent v0.0.0-20150624120057-a4371d70e3e3/go.mod h1:QDlpd3qS71vYtakd2hmdpqhJ9nwv6mD6A30bQ1BPBFE=
